
Microsoft Visual Studio Solution File, Format Version 12.00
# Visual Studio Version 17
VisualStudioVersion = 17.4.33205.214
MinimumVisualStudioVersion = 10.0.40219.1
Project("{FAE04EC0-301F-11D3-BF4B-00C04F79EFBC}") = "WebAuthT4", "WebAuthT4\WebAuthT4.csproj", "{45E8C82E-739F-4FD4-98F9-AD0EE5D81CC4}"
EndProject
Global
	GlobalSection(SolutionConfigurationPlatforms) = preSolution
		Debug|Any CPU = Debug|Any CPU
		Release|Any CPU = Release|Any CPU
	EndGlobalSection
	GlobalSection(ProjectConfigurationPlatforms) = postSolution
		{45E8C82E-739F-4FD4-98F9-AD0EE5D81CC4}.Debug|Any CPU.ActiveCfg = Debug|Any CPU
		{45E8C82E-739F-4FD4-98F9-AD0EE5D81CC4}.Debug|Any CPU.Build.0 = Debug|Any CPU
		{45E8C82E-739F-4FD4-98F9-AD0EE5D81CC4}.Release|Any CPU.ActiveCfg = Release|Any CPU
		{45E8C82E-739F-4FD4-98F9-AD0EE5D81CC4}.Release|Any CPU.Build.0 = Release|Any CPU
	EndGlobalSection
	GlobalSection(SolutionProperties) = preSolution
		HideSolutionNode = FALSE
	EndGlobalSection
	GlobalSection(ExtensibilityGlobals) = postSolution
		SolutionGuid = {6E21D0FD-7ECE-44E0-A1A7-F1C496A72A00}
	EndGlobalSection
EndGlobal
